
Microsoft Visual Studio Solution File, Format Version 12.00
# Visual Studio Version 17
VisualStudioVersion = 17.8.34511.84
MinimumVisualStudioVersion = 10.0.40219.1
Project("{2150E333-8FDC-42A3-9474-1A3956D46DE8}") = "src", "src", "{948DBA35-1512-47A4-9117-B76FBD9F33B7}"
EndProject
Project("{2150E333-8FDC-42A3-9474-1A3956D46DE8}") = "Skills", "Skills", "{10604AC0-B282-41EB-9D58-9B115596E574}"
EndProject
Project("{2150E333-8FDC-42A3-9474-1A3956D46DE8}") = "build", "build", "{150A3AEE-2281-47D4-8B5D-6F8456FF68DC}"
EndProject
Project("{2150E333-8FDC-42A3-9474-1A3956D46DE8}") = "Comments", "Comments", "{895FF57E-BB87-4077-BAAF-9E03A5DB600B}"
EndProject
Project("{9A19103F-16F7-4668-BE54-9A1E7A4F7556}") = "Kaizen.Skills.Api", "src\Skills\Kaizen.Skills.Api\Kaizen.Skills.Api.csproj", "{ED81BFD8-2F2E-4EAF-A26A-19D044D30A3B}"
EndProject
Project("{9A19103F-16F7-4668-BE54-9A1E7A4F7556}") = "Kaizen.Skills.Service", "src\Skills\Kaizen.Skills.Service\Kaizen.Skills.Service.csproj", "{14FB8264-17E4-4B11-ADBE-6461C4F1EC84}"
EndProject
Project("{9A19103F-16F7-4668-BE54-9A1E7A4F7556}") = "Kaizen.Comments.Api", "src\Comments\Kaizen.Comments.Api\Kaizen.Comments.Api.csproj", "{3891FEF8-B347-426D-88AD-0824F672E201}"
EndProject
Project("{9A19103F-16F7-4668-BE54-9A1E7A4F7556}") = "Kaizen.Comments.Service", "src\Comments\Kaizen.Comments.Service\Kaizen.Comments.Service.csproj", "{A9FF23D8-A10B-4D89-8ACA-37A565BC98A1}"
EndProject
Project("{2150E333-8FDC-42A3-9474-1A3956D46DE8}") = "tests", "tests", "{15228A5D-9838-4F20-B463-C1440004D51E}"
EndProject
Project("{9A19103F-16F7-4668-BE54-9A1E7A4F7556}") = "Kaizen.Skills.Service.Tests", "tests\Kaizen.Skills.Service.Tests\Kaizen.Skills.Service.Tests.csproj", "{9160FA10-14E6-43CD-92F0-EAFE5166FAF0}"
EndProject
Global
	GlobalSection(SolutionConfigurationPlatforms) = preSolution
		Debug|Any CPU = Debug|Any CPU
		Release|Any CPU = Release|Any CPU
	EndGlobalSection
	GlobalSection(ProjectConfigurationPlatforms) = postSolution
		{ED81BFD8-2F2E-4EAF-A26A-19D044D30A3B}.Debug|Any CPU.ActiveCfg = Debug|Any CPU
		{ED81BFD8-2F2E-4EAF-A26A-19D044D30A3B}.Debug|Any CPU.Build.0 = Debug|Any CPU
		{ED81BFD8-2F2E-4EAF-A26A-19D044D30A3B}.Release|Any CPU.ActiveCfg = Release|Any CPU
		{ED81BFD8-2F2E-4EAF-A26A-19D044D30A3B}.Release|Any CPU.Build.0 = Release|Any CPU
		{14FB8264-17E4-4B11-ADBE-6461C4F1EC84}.Debug|Any CPU.ActiveCfg = Debug|Any CPU
		{14FB8264-17E4-4B11-ADBE-6461C4F1EC84}.Debug|Any CPU.Build.0 = Debug|Any CPU
		{14FB8264-17E4-4B11-ADBE-6461C4F1EC84}.Release|Any CPU.ActiveCfg = Release|Any CPU
		{14FB8264-17E4-4B11-ADBE-6461C4F1EC84}.Release|Any CPU.Build.0 = Release|Any CPU
		{3891FEF8-B347-426D-88AD-0824F672E201}.Debug|Any CPU.ActiveCfg = Debug|Any CPU
		{3891FEF8-B347-426D-88AD-0824F672E201}.Debug|Any CPU.Build.0 = Debug|Any CPU
		{3891FEF8-B347-426D-88AD-0824F672E201}.Release|Any CPU.ActiveCfg = Release|Any CPU
		{3891FEF8-B347-426D-88AD-0824F672E201}.Release|Any CPU.Build.0 = Release|Any CPU
		{A9FF23D8-A10B-4D89-8ACA-37A565BC98A1}.Debug|Any CPU.ActiveCfg = Debug|Any CPU
		{A9FF23D8-A10B-4D89-8ACA-37A565BC98A1}.Debug|Any CPU.Build.0 = Debug|Any CPU
		{A9FF23D8-A10B-4D89-8ACA-37A565BC98A1}.Release|Any CPU.ActiveCfg = Release|Any CPU
		{A9FF23D8-A10B-4D89-8ACA-37A565BC98A1}.Release|Any CPU.Build.0 = Release|Any CPU
		{9160FA10-14E6-43CD-92F0-EAFE5166FAF0}.Debug|Any CPU.ActiveCfg = Debug|Any CPU
		{9160FA10-14E6-43CD-92F0-EAFE5166FAF0}.Debug|Any CPU.Build.0 = Debug|Any CPU
		{9160FA10-14E6-43CD-92F0-EAFE5166FAF0}.Release|Any CPU.ActiveCfg = Release|Any CPU
		{9160FA10-14E6-43CD-92F0-EAFE5166FAF0}.Release|Any CPU.Build.0 = Release|Any CPU
	EndGlobalSection
	GlobalSection(SolutionProperties) = preSolution
		HideSolutionNode = FALSE
	EndGlobalSection
	GlobalSection(NestedProjects) = preSolution
		{10604AC0-B282-41EB-9D58-9B115596E574} = {948DBA35-1512-47A4-9117-B76FBD9F33B7}
		{895FF57E-BB87-4077-BAAF-9E03A5DB600B} = {948DBA35-1512-47A4-9117-B76FBD9F33B7}
		{ED81BFD8-2F2E-4EAF-A26A-19D044D30A3B} = {10604AC0-B282-41EB-9D58-9B115596E574}
		{14FB8264-17E4-4B11-ADBE-6461C4F1EC84} = {10604AC0-B282-41EB-9D58-9B115596E574}
		{3891FEF8-B347-426D-88AD-0824F672E201} = {895FF57E-BB87-4077-BAAF-9E03A5DB600B}
		{A9FF23D8-A10B-4D89-8ACA-37A565BC98A1} = {895FF57E-BB87-4077-BAAF-9E03A5DB600B}
		{9160FA10-14E6-43CD-92F0-EAFE5166FAF0} = {15228A5D-9838-4F20-B463-C1440004D51E}
	EndGlobalSection
	GlobalSection(ExtensibilityGlobals) = postSolution
		SolutionGuid = {D1201BC8-B8C3-4C53-9D04-E7C4D73D0CE1}
	EndGlobalSection
EndGlobal
